
Microsoft Visual Studio Solution File, Format Version 12.00
# Visual Studio Version 17
VisualStudioVersion = 17.5.33424.131
MinimumVisualStudioVersion = 10.0.40219.1
Project("{FAE04EC0-301F-11D3-BF4B-00C04F79EFBC}") = "ModbusWPF", "ModbusWPF.csproj", "{F683BAE3-E09E-4DE2-98F2-BA29E288D0EA}"
EndProject
Global
	GlobalSection(SolutionConfigurationPlatforms) = preSolution
		Debug|Any CPU = Debug|Any CPU
		Release|Any CPU = Release|Any CPU
	EndGlobalSection
	GlobalSection(ProjectConfigurationPlatforms) = postSolution
		{F683BAE3-E09E-4DE2-98F2-BA29E288D0EA}.Debug|Any CPU.ActiveCfg = Debug|Any CPU
		{F683BAE3-E09E-4DE2-98F2-BA29E288D0EA}.Debug|Any CPU.Build.0 = Debug|Any CPU
		{F683BAE3-E09E-4DE2-98F2-BA29E288D0EA}.Release|Any CPU.ActiveCfg = Release|Any CPU
		{F683BAE3-E09E-4DE2-98F2-BA29E288D0EA}.Release|Any CPU.Build.0 = Release|Any CPU
	EndGlobalSection
	GlobalSection(SolutionProperties) = preSolution
		HideSolutionNode = FALSE
	EndGlobalSection
	GlobalSection(ExtensibilityGlobals) = postSolution
		SolutionGuid = {C5C65C18-0B24-4B1D-A050-DE81A2AA4B8E}
	EndGlobalSection
EndGlobal
